
Microsoft Visual Studio Solution File, Format Version 11.00
# Visual Studio 2010
Project("{8BC9CEB8-8B4A-11D0-8D11-00A0C91BC942}") = "RPC", "RPC\RPC.vcxproj", "{17AEDD25-C9C4-4A27-9B7E-3511BE3B8214}"
EndProject
Global
	GlobalSection(SolutionConfigurationPlatforms) = preSolution
		Debug|Win32 = Debug|Win32
		Release|Win32 = Release|Win32
	EndGlobalSection
	GlobalSection(ProjectConfigurationPlatforms) = postSolution
		{17AEDD25-C9C4-4A27-9B7E-3511BE3B8214}.Debug|Win32.ActiveCfg = Debug|Win32
		{17AEDD25-C9C4-4A27-9B7E-3511BE3B8214}.Debug|Win32.Build.0 = Debug|Win32
		{17AEDD25-C9C4-4A27-9B7E-3511BE3B8214}.Release|Win32.ActiveCfg = Release|Win32
		{17AEDD25-C9C4-4A27-9B7E-3511BE3B8214}.Release|Win32.Build.0 = Release|Win32
	EndGlobalSection
	GlobalSection(SolutionProperties) = preSolution
		HideSolutionNode = FALSE
	EndGlobalSection
EndGlobal
